
Microsoft Visual Studio Solution File, Format Version 12.00
# Visual Studio Version 17
VisualStudioVersion = 17.8.34330.188
MinimumVisualStudioVersion = 10.0.40219.1
Project("{FAE04EC0-301F-11D3-BF4B-00C04F79EFBC}") = "AngularApp1.Server", "AngularApp1.Server\AngularApp1.Server.csproj", "{EA43AFB4-4B7A-4F63-ACC8-DDC3E1727D8E}"
EndProject
Project("{54A90642-561A-4BB1-A94E-469ADEE60C69}") = "angularapp1.client", "angularapp1.client\angularapp1.client.esproj", "{9E4F902A-17D9-48F1-8401-B66527713D17}"
EndProject
Global
	GlobalSection(SolutionConfigurationPlatforms) = preSolution
		Debug|Any CPU = Debug|Any CPU
		Release|Any CPU = Release|Any CPU
	EndGlobalSection
	GlobalSection(ProjectConfigurationPlatforms) = postSolution
		{EA43AFB4-4B7A-4F63-ACC8-DDC3E1727D8E}.Debug|Any CPU.ActiveCfg = Debug|Any CPU
		{EA43AFB4-4B7A-4F63-ACC8-DDC3E1727D8E}.Debug|Any CPU.Build.0 = Debug|Any CPU
		{EA43AFB4-4B7A-4F63-ACC8-DDC3E1727D8E}.Release|Any CPU.ActiveCfg = Release|Any CPU
		{EA43AFB4-4B7A-4F63-ACC8-DDC3E1727D8E}.Release|Any CPU.Build.0 = Release|Any CPU
		{9E4F902A-17D9-48F1-8401-B66527713D17}.Debug|Any CPU.ActiveCfg = Debug|Any CPU
		{9E4F902A-17D9-48F1-8401-B66527713D17}.Debug|Any CPU.Build.0 = Debug|Any CPU
		{9E4F902A-17D9-48F1-8401-B66527713D17}.Debug|Any CPU.Deploy.0 = Debug|Any CPU
		{9E4F902A-17D9-48F1-8401-B66527713D17}.Release|Any CPU.ActiveCfg = Release|Any CPU
		{9E4F902A-17D9-48F1-8401-B66527713D17}.Release|Any CPU.Build.0 = Release|Any CPU
		{9E4F902A-17D9-48F1-8401-B66527713D17}.Release|Any CPU.Deploy.0 = Release|Any CPU
	EndGlobalSection
	GlobalSection(SolutionProperties) = preSolution
		HideSolutionNode = FALSE
	EndGlobalSection
	GlobalSection(ExtensibilityGlobals) = postSolution
		SolutionGuid = {FF3CA26B-B541-4656-944E-BCB0853B9865}
	EndGlobalSection
EndGlobal
